// !$*UTF8*$!
{
	archiveVersion = 1;
	classes = {
	};
	objectVersion = 46;
	objects = {

/* Begin PBXBuildFile section */
		C414A2171958DB8D00B28EBF /* Foundation.framework in Frameworks */ = {isa = PBXBuildFile; fileRef = C414A2161958DB8D00B28EBF /* Foundation.framework */; };
		C414A2191958DB8D00B28EBF /* CoreGraphics.framework in Frameworks */ = {isa = PBXBuildFile; fileRef = C414A2181958DB8D00B28EBF /* CoreGraphics.framework */; };
		C414A21B1958DB8D00B28EBF /* UIKit.framework in Frameworks */ = {isa = PBXBuildFile; fileRef = C414A21A1958DB8D00B28EBF /* UIKit.framework */; };
		C414A2211958DB8D00B28EBF /* InfoPlist.strings in Resources */ = {isa = PBXBuildFile; fileRef = C414A21F1958DB8D00B28EBF /* InfoPlist.strings */; };
		C414A2231958DB8D00B28EBF /* main.m in Sources */ = {isa = PBXBuildFile; fileRef = C414A2221958DB8D00B28EBF /* main.m */; };
		C414A2271958DB8D00B28EBF /* AppDelegate.m in Sources */ = {isa = PBXBuildFile; fileRef = C414A2261958DB8D00B28EBF /* AppDelegate.m */; };
		C414A22A1958DB8D00B28EBF /* Main_iPhone.storyboard in Resources */ = {isa = PBXBuildFile; fileRef = C414A2281958DB8D00B28EBF /* Main_iPhone.storyboard */; };
		C414A22D1958DB8D00B28EBF /* Main_iPad.storyboard in Resources */ = {isa = PBXBuildFile; fileRef = C414A22B1958DB8D00B28EBF /* Main_iPad.storyboard */; };
		C414A2301958DB8D00B28EBF /* ViewController.m in Sources */ = {isa = PBXBuildFile; fileRef = C414A22F1958DB8D00B28EBF /* ViewController.m */; };
		C414A2321958DB8D00B28EBF /* Images.xcassets in Resources */ = {isa = PBXBuildFile; fileRef = C414A2311958DB8D00B28EBF /* Images.xcassets */; };
		C414A2391958DB8D00B28EBF /* XCTest.framework in Frameworks */ = {isa = PBXBuildFile; fileRef = C414A2381958DB8D00B28EBF /* XCTest.framework */; };
		C414A23A1958DB8D00B28EBF /* Foundation.framework in Frameworks */ = {isa = PBXBuildFile; fileRef = C414A2161958DB8D00B28EBF /* Foundation.framework */; };
		C414A23B1958DB8D00B28EBF /* UIKit.framework in Frameworks */ = {isa = PBXBuildFile; fileRef = C414A21A1958DB8D00B28EBF /* UIKit.framework */; };
		C414A2431958DB8E00B28EBF /* InfoPlist.strings in Resources */ = {isa = PBXBuildFile; fileRef = C414A2411958DB8E00B28EBF /* InfoPlist.strings */; };
		C414A2451958DB8E00B28EBF /* PDFTests.m in Sources */ = {isa = PBXBuildFile; fileRef = C414A2441958DB8E00B28EBF /* PDFTests.m */; };
		C414A2611958DC1100B28EBF /* demo1.pdf in Resources */ = {isa = PBXBuildFile; fileRef = C414A2601958DC1100B28EBF /* demo1.pdf */; };
		C473337B1958EEFC003975D8 /* demo2.pdf in Resources */ = {isa = PBXBuildFile; fileRef = C473337A1958EEFC003975D8 /* demo2.pdf */; };
		C473339B1958F898003975D8 /* backArrow.png in Resources */ = {isa = PBXBuildFile; fileRef = C47333911958F898003975D8 /* backArrow.png */; };
		C473339C1958F898003975D8 /* backArrow@2x.png in Resources */ = {isa = PBXBuildFile; fileRef = C47333921958F898003975D8 /* backArrow@2x.png */; };
		C473339D1958F898003975D8 /* BookPDF.m in Sources */ = {isa = PBXBuildFile; fileRef = C47333941958F898003975D8 /* BookPDF.m */; };
		C473339E1958F898003975D8 /* BookPDFPage.m in Sources */ = {isa = PBXBuildFile; fileRef = C47333961958F898003975D8 /* BookPDFPage.m */; };
		C473339F1958F898003975D8 /* PDFScrollView.m in Sources */ = {isa = PBXBuildFile; fileRef = C47333981958F898003975D8 /* PDFScrollView.m */; };
		C47333A01958F898003975D8 /* TiledPDFView.m in Sources */ = {isa = PBXBuildFile; fileRef = C473339A1958F898003975D8 /* TiledPDFView.m */; };
/* End PBXBuildFile section */

/* Begin PBXContainerItemProxy section */
		C414A23C1958DB8E00B28EBF /* PBXContainerItemProxy */ = {
			isa = PBXContainerItemProxy;
			containerPortal = C414A20B1958DB8D00B28EBF /* Project object */;
			proxyType = 1;
			remoteGlobalIDString = C414A2121958DB8D00B28EBF;
			remoteInfo = PDF;
		};
/* End PBXContainerItemProxy section */

/* Begin PBXFileReference section */
		C414A2131958DB8D00B28EBF /* PDF.app */ = {isa = PBXFileReference; explicitFileType = wrapper.application; includeInIndex = 0; path = PDF.app; sourceTree = BUILT_PRODUCTS_DIR; };
		C414A2161958DB8D00B28EBF /* Foundation.framework */ = {isa = PBXFileReference; lastKnownFileType = wrapper.framework; name = Foundation.framework; path = System/Library/Frameworks/Foundation.framework; sourceTree = SDKROOT; };
		C414A2181958DB8D00B28EBF /* CoreGraphics.framework */ = {isa = PBXFileReference; lastKnownFileType = wrapper.framework; name = CoreGraphics.framework; path = System/Library/Frameworks/CoreGraphics.framework; sourceTree = SDKROOT; };
		C414A21A1958DB8D00B28EBF /* UIKit.framework */ = {isa = PBXFileReference; lastKnownFileType = wrapper.framework; name = UIKit.framework; path = System/Library/Frameworks/UIKit.framework; sourceTree = SDKROOT; };
		C414A21E1958DB8D00B28EBF /* PDF-Info.plist */ = {isa = PBXFileReference; lastKnownFileType = text.plist.xml; path = "PDF-Info.plist"; sourceTree = "<group>"; };
		C414A2201958DB8D00B28EBF /* en */ = {isa = PBXFileReference; lastKnownFileType = text.plist.strings; name = en; path = en.lproj/InfoPlist.strings; sourceTree = "<group>"; };
		C414A2221958DB8D00B28EBF /* main.m */ = {isa = PBXFileReference; lastKnownFileType = sourcecode.c.objc; path = main.m; sourceTree = "<group>"; };
		C414A2241958DB8D00B28EBF /* PDF-Prefix.pch */ = {isa = PBXFileReference; lastKnownFileType = sourcecode.c.h; path = "PDF-Prefix.pch"; sourceTree = "<group>"; };
		C414A2251958DB8D00B28EBF /* AppDelegate.h */ = {isa = PBXFileReference; lastKnownFileType = sourcecode.c.h; path = AppDelegate.h; sourceTree = "<group>"; };
		C414A2261958DB8D00B28EBF /* AppDelegate.m */ = {isa = PBXFileReference; lastKnownFileType = sourcecode.c.objc; path = AppDelegate.m; sourceTree = "<group>"; };
		C414A2291958DB8D00B28EBF /* Base */ = {isa = PBXFileReference; lastKnownFileType = file.storyboard; name = Base; path = Base.lproj/Main_iPhone.storyboard; sourceTree = "<group>"; };
		C414A22C1958DB8D00B28EBF /* Base */ = {isa = PBXFileReference; lastKnownFileType = file.storyboard; name = Base; path = Base.lproj/Main_iPad.storyboard; sourceTree = "<group>"; };
		C414A22E1958DB8D00B28EBF /* ViewController.h */ = {isa = PBXFileReference; lastKnownFileType = sourcecode.c.h; path = ViewController.h; sourceTree = "<group>"; };
		C414A22F1958DB8D00B28EBF /* ViewController.m */ = {isa = PBXFileReference; lastKnownFileType = sourcecode.c.objc; path = ViewController.m; sourceTree = "<group>"; };
		C414A2311958DB8D00B28EBF /* Images.xcassets */ = {isa = PBXFileReference; lastKnownFileType = folder.assetcatalog; path = Images.xcassets; sourceTree = "<group>"; };
		C414A2371958DB8D00B28EBF /* PDFTests.xctest */ = {isa = PBXFileReference; explicitFileType = wrapper.cfbundle; includeInIndex = 0; path = PDFTests.xctest; sourceTree = BUILT_PRODUCTS_DIR; };
		C414A2381958DB8D00B28EBF /* XCTest.framework */ = {isa = PBXFileReference; lastKnownFileType = wrapper.framework; name = XCTest.framework; path = Library/Frameworks/XCTest.framework; sourceTree = DEVELOPER_DIR; };
		C414A2401958DB8E00B28EBF /* PDFTests-Info.plist */ = {isa = PBXFileReference; lastKnownFileType = text.plist.xml; path = "PDFTests-Info.plist"; sourceTree = "<group>"; };
		C414A2421958DB8E00B28EBF /* en */ = {isa = PBXFileReference; lastKnownFileType = text.plist.strings; name = en; path = en.lproj/InfoPlist.strings; sourceTree = "<group>"; };
		C414A2441958DB8E00B28EBF /* PDFTests.m */ = {isa = PBXFileReference; lastKnownFileType = sourcecode.c.objc; path = PDFTests.m; sourceTree = "<group>"; };
		C414A2601958DC1100B28EBF /* demo1.pdf */ = {isa = PBXFileReference; lastKnownFileType = image.pdf; path = demo1.pdf; sourceTree = "<group>"; };
		C473337A1958EEFC003975D8 /* demo2.pdf */ = {isa = PBXFileReference; lastKnownFileType = image.pdf; path = demo2.pdf; sourceTree = "<group>"; };
		C47333911958F898003975D8 /* backArrow.png */ = {isa = PBXFileReference; lastKnownFileType = image.png; path = backArrow.png; sourceTree = "<group>"; };
		C47333921958F898003975D8 /* backArrow@2x.png */ = {isa = PBXFileReference; lastKnownFileType = image.png; path = "backArrow@2x.png"; sourceTree = "<group>"; };
		C47333931958F898003975D8 /* BookPDF.h */ = {isa = PBXFileReference; fileEncoding = 4; lastKnownFileType = sourcecode.c.h; path = BookPDF.h; sourceTree = "<group>"; };
		C47333941958F898003975D8 /* BookPDF.m */ = {isa = PBXFileReference; fileEncoding = 4; lastKnownFileType = sourcecode.c.objc; path = BookPDF.m; sourceTree = "<group>"; };
		C47333951958F898003975D8 /* BookPDFPage.h */ = {isa = PBXFileReference; fileEncoding = 4; lastKnownFileType = sourcecode.c.h; path = BookPDFPage.h; sourceTree = "<group>"; };
		C47333961958F898003975D8 /* BookPDFPage.m */ = {isa = PBXFileReference; fileEncoding = 4; lastKnownFileType = sourcecode.c.objc; path = BookPDFPage.m; sourceTree = "<group>"; };
		C47333971958F898003975D8 /* PDFScrollView.h */ = {isa = PBXFileReference; fileEncoding = 4; lastKnownFileType = sourcecode.c.h; path = PDFScrollView.h; sourceTree = "<group>"; };
		C47333981958F898003975D8 /* PDFScrollView.m */ = {isa = PBXFileReference; fileEncoding = 4; lastKnownFileType = sourcecode.c.objc; path = PDFScrollView.m; sourceTree = "<group>"; };
		C47333991958F898003975D8 /* TiledPDFView.h */ = {isa = PBXFileReference; fileEncoding = 4; lastKnownFileType = sourcecode.c.h; path = TiledPDFView.h; sourceTree = "<group>"; };
		C473339A1958F898003975D8 /* TiledPDFView.m */ = {isa = PBXFileReference; fileEncoding = 4; lastKnownFileType = sourcecode.c.objc; path = TiledPDFView.m; sourceTree = "<group>"; };
/* End PBXFileReference section */

/* Begin PBXFrameworksBuildPhase section */
		C414A2101958DB8D00B28EBF /* Frameworks */ = {
			isa = PBXFrameworksBuildPhase;
			buildActionMask = 2147483647;
			files = (
				C414A2191958DB8D00B28EBF /* CoreGraphics.framework in Frameworks */,
				C414A21B1958DB8D00B28EBF /* UIKit.framework in Frameworks */,
				C414A2171958DB8D00B28EBF /* Foundation.framework in Frameworks */,
			);
			runOnlyForDeploymentPostprocessing = 0;
		};
		C414A2341958DB8D00B28EBF /* Frameworks */ = {
			isa = PBXFrameworksBuildPhase;
			buildActionMask = 2147483647;
			files = (
				C414A2391958DB8D00B28EBF /* XCTest.framework in Frameworks */,
				C414A23B1958DB8D00B28EBF /* UIKit.framework in Frameworks */,
				C414A23A1958DB8D00B28EBF /* Foundation.framework in Frameworks */,
			);
			runOnlyForDeploymentPostprocessing = 0;
		};
/* End PBXFrameworksBuildPhase section */

/* Begin PBXGroup section */
		C414A20A1958DB8D00B28EBF = {
			isa = PBXGroup;
			children = (
				C414A21C1958DB8D00B28EBF /* PDF */,
				C414A23E1958DB8E00B28EBF /* PDFTests */,
				C414A2151958DB8D00B28EBF /* Frameworks */,
				C414A2141958DB8D00B28EBF /* Products */,
			);
			sourceTree = "<group>";
		};
		C414A2141958DB8D00B28EBF /* Products */ = {
			isa = PBXGroup;
			children = (
				C414A2131958DB8D00B28EBF /* PDF.app */,
				C414A2371958DB8D00B28EBF /* PDFTests.xctest */,
			);
			name = Products;
			sourceTree = "<group>";
		};
		C414A2151958DB8D00B28EBF /* Frameworks */ = {
			isa = PBXGroup;
			children = (
				C414A2161958DB8D00B28EBF /* Foundation.framework */,
				C414A2181958DB8D00B28EBF /* CoreGraphics.framework */,
				C414A21A1958DB8D00B28EBF /* UIKit.framework */,
				C414A2381958DB8D00B28EBF /* XCTest.framework */,
			);
			name = Frameworks;
			sourceTree = "<group>";
		};
		C414A21C1958DB8D00B28EBF /* PDF */ = {
			isa = PBXGroup;
			children = (
				C414A2251958DB8D00B28EBF /* AppDelegate.h */,
				C414A2261958DB8D00B28EBF /* AppDelegate.m */,
				C414A2281958DB8D00B28EBF /* Main_iPhone.storyboard */,
				C414A22B1958DB8D00B28EBF /* Main_iPad.storyboard */,
				C414A22E1958DB8D00B28EBF /* ViewController.h */,
				C414A22F1958DB8D00B28EBF /* ViewController.m */,
				C473338F1958F855003975D8 /* demos */,
				C414A2311958DB8D00B28EBF /* Images.xcassets */,
				C47333901958F898003975D8 /* BookPDF */,
				C414A21D1958DB8D00B28EBF /* Supporting Files */,
			);
			path = PDF;
			sourceTree = "<group>";
		};
		C414A21D1958DB8D00B28EBF /* Supporting Files */ = {
			isa = PBXGroup;
			children = (
				C414A21E1958DB8D00B28EBF /* PDF-Info.plist */,
				C414A21F1958DB8D00B28EBF /* InfoPlist.strings */,
				C414A2221958DB8D00B28EBF /* main.m */,
				C414A2241958DB8D00B28EBF /* PDF-Prefix.pch */,
			);
			name = "Supporting Files";
			sourceTree = "<group>";
		};
		C414A23E1958DB8E00B28EBF /* PDFTests */ = {
			isa = PBXGroup;
			children = (
				C414A2441958DB8E00B28EBF /* PDFTests.m */,
				C414A23F1958DB8E00B28EBF /* Supporting Files */,
			);
			path = PDFTests;
			sourceTree = "<group>";
		};
		C414A23F1958DB8E00B28EBF /* Supporting Files */ = {
			isa = PBXGroup;
			children = (
				C414A2401958DB8E00B28EBF /* PDFTests-Info.plist */,
				C414A2411958DB8E00B28EBF /* InfoPlist.strings */,
			);
			name = "Supporting Files";
			sourceTree = "<group>";
		};
		C473338F1958F855003975D8 /* demos */ = {
			isa = PBXGroup;
			children = (
				C414A2601958DC1100B28EBF /* demo1.pdf */,
				C473337A1958EEFC003975D8 /* demo2.pdf */,
			);
			name = demos;
			sourceTree = "<group>";
		};
		C47333901958F898003975D8 /* BookPDF */ = {
			isa = PBXGroup;
			children = (
				C47333911958F898003975D8 /* backArrow.png */,
				C47333921958F898003975D8 /* backArrow@2x.png */,
				C47333931958F898003975D8 /* BookPDF.h */,
				C47333941958F898003975D8 /* BookPDF.m */,
				C47333951958F898003975D8 /* BookPDFPage.h */,
				C47333961958F898003975D8 /* BookPDFPage.m */,
				C47333971958F898003975D8 /* PDFScrollView.h */,
				C47333981958F898003975D8 /* PDFScrollView.m */,
				C47333991958F898003975D8 /* TiledPDFView.h */,
				C473339A1958F898003975D8 /* TiledPDFView.m */,
			);
			name = BookPDF;
			path = ../../BookPDF;
			sourceTree = "<group>";
		};
/* End PBXGroup section */

/* Begin PBXNativeTarget section */
		C414A2121958DB8D00B28EBF /* PDF */ = {
			isa = PBXNativeTarget;
			buildConfigurationList = C414A2481958DB8E00B28EBF /* Build configuration list for PBXNativeTarget "PDF" */;
			buildPhases = (
				C414A20F1958DB8D00B28EBF /* Sources */,
				C414A2101958DB8D00B28EBF /* Frameworks */,
				C414A2111958DB8D00B28EBF /* Resources */,
			);
			buildRules = (
			);
			dependencies = (
			);
			name = PDF;
			productName = PDF;
			productReference = C414A2131958DB8D00B28EBF /* PDF.app */;
			productType = "com.apple.product-type.application";
		};
		C414A2361958DB8D00B28EBF /* PDFTests */ = {
			isa = PBXNativeTarget;
			buildConfigurationList = C414A24B1958DB8E00B28EBF /* Build configuration list for PBXNativeTarget "PDFTests" */;
			buildPhases = (
				C414A2331958DB8D00B28EBF /* Sources */,
				C414A2341958DB8D00B28EBF /* Frameworks */,
				C414A2351958DB8D00B28EBF /* Resources */,
			);
			buildRules = (
			);
			dependencies = (
				C414A23D1958DB8E00B28EBF /* PBXTargetDependency */,
			);
			name = PDFTests;
			productName = PDFTests;
			productReference = C414A2371958DB8D00B28EBF /* PDFTests.xctest */;
			productType = "com.apple.product-type.bundle.unit-test";
		};
/* End PBXNativeTarget section */

/* Begin PBXProject section */
		C414A20B1958DB8D00B28EBF /* Project object */ = {
			isa = PBXProject;
			attributes = {
				LastUpgradeCheck = 0510;
				ORGANIZATIONNAME = "Jannik Lorenz";
				TargetAttributes = {
					C414A2361958DB8D00B28EBF = {
						TestTargetID = C414A2121958DB8D00B28EBF;
					};
				};
			};
			buildConfigurationList = C414A20E1958DB8D00B28EBF /* Build configuration list for PBXProject "PDF" */;
			compatibilityVersion = "Xcode 3.2";
			developmentRegion = English;
			hasScannedForEncodings = 0;
			knownRegions = (
				en,
				Base,
			);
			mainGroup = C414A20A1958DB8D00B28EBF;
			productRefGroup = C414A2141958DB8D00B28EBF /* Products */;
			projectDirPath = "";
			projectRoot = "";
			targets = (
				C414A2121958DB8D00B28EBF /* PDF */,
				C414A2361958DB8D00B28EBF /* PDFTests */,
			);
		};
/* End PBXProject section */

/* Begin PBXResourcesBuildPhase section */
		C414A2111958DB8D00B28EBF /* Resources */ = {
			isa = PBXResourcesBuildPhase;
			buildActionMask = 2147483647;
			files = (
				C414A22D1958DB8D00B28EBF /* Main_iPad.storyboard in Resources */,
				C473339C1958F898003975D8 /* backArrow@2x.png in Resources */,
				C414A2321958DB8D00B28EBF /* Images.xcassets in Resources */,
				C473339B1958F898003975D8 /* backArrow.png in Resources */,
				C414A22A1958DB8D00B28EBF /* Main_iPhone.storyboard in Resources */,
				C414A2611958DC1100B28EBF /* demo1.pdf in Resources */,
				C473337B1958EEFC003975D8 /* demo2.pdf in Resources */,
				C414A2211958DB8D00B28EBF /* InfoPlist.strings in Resources */,
			);
			runOnlyForDeploymentPostprocessing = 0;
		};
		C414A2351958DB8D00B28EBF /* Resources */ = {
			isa = PBXResourcesBuildPhase;
			buildActionMask = 2147483647;
			files = (
				C414A2431958DB8E00B28EBF /* InfoPlist.strings in Resources */,
			);
			runOnlyForDeploymentPostprocessing = 0;
		};
/* End PBXResourcesBuildPhase section */

/* Begin PBXSourcesBuildPhase section */
		C414A20F1958DB8D00B28EBF /* Sources */ = {
			isa = PBXSourcesBuildPhase;
			buildActionMask = 2147483647;
			files = (
				C414A2301958DB8D00B28EBF /* ViewController.m in Sources */,
				C473339D1958F898003975D8 /* BookPDF.m in Sources */,
				C473339E1958F898003975D8 /* BookPDFPage.m in Sources */,
				C414A2271958DB8D00B28EBF /* AppDelegate.m in Sources */,
				C473339F1958F898003975D8 /* PDFScrollView.m in Sources */,
				C414A2231958DB8D00B28EBF /* main.m in Sources */,
				C47333A01958F898003975D8 /* TiledPDFView.m in Sources */,
			);
			runOnlyForDeploymentPostprocessing = 0;
		};
		C414A2331958DB8D00B28EBF /* Sources */ = {
			isa = PBXSourcesBuildPhase;
			buildActionMask = 2147483647;
			files = (
				C414A2451958DB8E00B28EBF /* PDFTests.m in Sources */,
			);
			runOnlyForDeploymentPostprocessing = 0;
		};
/* End PBXSourcesBuildPhase section */

/* Begin PBXTargetDependency section */
		C414A23D1958DB8E00B28EBF /* PBXTargetDependency */ = {
			isa = PBXTargetDependency;
			target = C414A2121958DB8D00B28EBF /* PDF */;
			targetProxy = C414A23C1958DB8E00B28EBF /* PBXContainerItemProxy */;
		};
/* End PBXTargetDependency section */

/* Begin PBXVariantGroup section */
		C414A21F1958DB8D00B28EBF /* InfoPlist.strings */ = {
			isa = PBXVariantGroup;
			children = (
				C414A2201958DB8D00B28EBF /* en */,
			);
			name = InfoPlist.strings;
			sourceTree = "<group>";
		};
		C414A2281958DB8D00B28EBF /* Main_iPhone.storyboard */ = {
			isa = PBXVariantGroup;
			children = (
				C414A2291958DB8D00B28EBF /* Base */,
			);
			name = Main_iPhone.storyboard;
			sourceTree = "<group>";
		};
		C414A22B1958DB8D00B28EBF /* Main_iPad.storyboard */ = {
			isa = PBXVariantGroup;
			children = (
				C414A22C1958DB8D00B28EBF /* Base */,
			);
			name = Main_iPad.storyboard;
			sourceTree = "<group>";
		};
		C414A2411958DB8E00B28EBF /* InfoPlist.strings */ = {
			isa = PBXVariantGroup;
			children = (
				C414A2421958DB8E00B28EBF /* en */,
			);
			name = InfoPlist.strings;
			sourceTree = "<group>";
		};
/* End PBXVariantGroup section */

/* Begin XCBuildConfiguration section */
		C414A2461958DB8E00B28EBF /* Debug */ = {
			isa = XCBuildConfiguration;
			buildSettings = {
				ALWAYS_SEARCH_USER_PATHS = NO;
				CLANG_CXX_LANGUAGE_STANDARD = "gnu++0x";
				CLANG_CXX_LIBRARY = "libc++";
				CLANG_ENABLE_MODULES = YES;
				CLANG_ENABLE_OBJC_ARC = YES;
				CLANG_WARN_BOOL_CONVERSION = YES;
				CLANG_WARN_CONSTANT_CONVERSION = YES;
				CLANG_WARN_DIRECT_OBJC_ISA_USAGE = YES_ERROR;
				CLANG_WARN_EMPTY_BODY = YES;
				CLANG_WARN_ENUM_CONVERSION = YES;
				CLANG_WARN_INT_CONVERSION = YES;
				CLANG_WARN_OBJC_ROOT_CLASS = YES_ERROR;
				CLANG_WARN__DUPLICATE_METHOD_MATCH = YES;
				"CODE_SIGN_IDENTITY[sdk=iphoneos*]" = "iPhone Developer";
				COPY_PHASE_STRIP = NO;
				GCC_C_LANGUAGE_STANDARD = gnu99;
				GCC_DYNAMIC_NO_PIC = NO;
				GCC_OPTIMIZATION_LEVEL = 0;
				GCC_PREPROCESSOR_DEFINITIONS = (
					"DEBUG=1",
					"$(inherited)",
				);
				GCC_SYMBOLS_PRIVATE_EXTERN = NO;
				GCC_WARN_64_TO_32_BIT_CONVERSION = YES;
				GCC_WARN_ABOUT_RETURN_TYPE = YES_ERROR;
				GCC_WARN_UNDECLARED_SELECTOR = YES;
				GCC_WARN_UNINITIALIZED_AUTOS = YES_AGGRESSIVE;
				GCC_WARN_UNUSED_FUNCTION = YES;
				GCC_WARN_UNUSED_VARIABLE = YES;
				IPHONEOS_DEPLOYMENT_TARGET = 7.1;
				ONLY_ACTIVE_ARCH = YES;
				SDKROOT = iphoneos;
				TARGETED_DEVICE_FAMILY = "1,2";
			};
			name = Debug;
		};
		C414A2471958DB8E00B28EBF /* Release */ = {
			isa = XCBuildConfiguration;
			buildSettings = {
				ALWAYS_SEARCH_USER_PATHS = NO;
				CLANG_CXX_LANGUAGE_STANDARD = "gnu++0x";
				CLANG_CXX_LIBRARY = "libc++";
				CLANG_ENABLE_MODULES = YES;
				CLANG_ENABLE_OBJC_ARC = YES;
				CLANG_WARN_BOOL_CONVERSION = YES;
				CLANG_WARN_CONSTANT_CONVERSION = YES;
				CLANG_WARN_DIRECT_OBJC_ISA_USAGE = YES_ERROR;
				CLANG_WARN_EMPTY_BODY = YES;
				CLANG_WARN_ENUM_CONVERSION = YES;
				CLANG_WARN_INT_CONVERSION = YES;
				CLANG_WARN_OBJC_ROOT_CLASS = YES_ERROR;
				CLANG_WARN__DUPLICATE_METHOD_MATCH = YES;
				"CODE_SIGN_IDENTITY[sdk=iphoneos*]" = "iPhone Developer";
				COPY_PHASE_STRIP = YES;
				ENABLE_NS_ASSERTIONS = NO;
				GCC_C_LANGUAGE_STANDARD = gnu99;
				GCC_WARN_64_TO_32_BIT_CONVERSION = YES;
				GCC_WARN_ABOUT_RETURN_TYPE = YES_ERROR;
				GCC_WARN_UNDECLARED_SELECTOR = YES;
				GCC_WARN_UNINITIALIZED_AUTOS = YES_AGGRESSIVE;
				GCC_WARN_UNUSED_FUNCTION = YES;
				GCC_WARN_UNUSED_VARIABLE = YES;
				IPHONEOS_DEPLOYMENT_TARGET = 7.1;
				SDKROOT = iphoneos;
				TARGETED_DEVICE_FAMILY = "1,2";
				VALIDATE_PRODUCT = YES;
			};
			name = Release;
		};
		C414A2491958DB8E00B28EBF /* Debug */ = {
			isa = XCBuildConfiguration;
			buildSettings = {
				ASSETCATALOG_COMPILER_APPICON_NAME = AppIcon;
				ASSETCATALOG_COMPILER_LAUNCHIMAGE_NAME = LaunchImage;
				GCC_PRECOMPILE_PREFIX_HEADER = YES;
				GCC_PREFIX_HEADER = "PDF/PDF-Prefix.pch";
				INFOPLIST_FILE = "PDF/PDF-Info.plist";
				PRODUCT_NAME = "$(TARGET_NAME)";
				WRAPPER_EXTENSION = app;
			};
			name = Debug;
		};
		C414A24A1958DB8E00B28EBF /* Release */ = {
			isa = XCBuildConfiguration;
			buildSettings = {
				ASSETCATALOG_COMPILER_APPICON_NAME = AppIcon;
				ASSETCATALOG_COMPILER_LAUNCHIMAGE_NAME = LaunchImage;
				GCC_PRECOMPILE_PREFIX_HEADER = YES;
				GCC_PREFIX_HEADER = "PDF/PDF-Prefix.pch";
				INFOPLIST_FILE = "PDF/PDF-Info.plist";
				PRODUCT_NAME = "$(TARGET_NAME)";
				WRAPPER_EXTENSION = app;
			};
			name = Release;
		};
		C414A24C1958DB8E00B28EBF /* Debug */ = {
			isa = XCBuildConfiguration;
			buildSettings = {
				BUNDLE_LOADER = "$(BUILT_PRODUCTS_DIR)/PDF.app/PDF";
				FRAMEWORK_SEARCH_PATHS = (
					"$(SDKROOT)/Developer/Library/Frameworks",
					"$(inherited)",
					"$(DEVELOPER_FRAMEWORKS_DIR)",
				);
				GCC_PRECOMPILE_PREFIX_HEADER = YES;
				GCC_PREFIX_HEADER = "PDF/PDF-Prefix.pch";
				GCC_PREPROCESSOR_DEFINITIONS = (
					"DEBUG=1",
					"$(inherited)",
				);
				INFOPLIST_FILE = "PDFTests/PDFTests-Info.plist";
				PRODUCT_NAME = "$(TARGET_NAME)";
				TEST_HOST = "$(BUNDLE_LOADER)";
				WRAPPER_EXTENSION = xctest;
			};
			name = Debug;
		};
		C414A24D1958DB8E00B28EBF /* Release */ = {
			isa = XCBuildConfiguration;
			buildSettings = {
				BUNDLE_LOADER = "$(BUILT_PRODUCTS_DIR)/PDF.app/PDF";
				FRAMEWORK_SEARCH_PATHS = (
					"$(SDKROOT)/Developer/Library/Frameworks",
					"$(inherited)",
					"$(DEVELOPER_FRAMEWORKS_DIR)",
				);
				GCC_PRECOMPILE_PREFIX_HEADER = YES;
				GCC_PREFIX_HEADER = "PDF/PDF-Prefix.pch";
				INFOPLIST_FILE = "PDFTests/PDFTests-Info.plist";
				PRODUCT_NAME = "$(TARGET_NAME)";
				TEST_HOST = "$(BUNDLE_LOADER)";
				WRAPPER_EXTENSION = xctest;
			};
			name = Release;
		};
/* End XCBuildConfiguration section */

/* Begin XCConfigurationList section */
		C414A20E1958DB8D00B28EBF /* Build configuration list for PBXProject "PDF" */ = {
			isa = XCConfigurationList;
			buildConfigurations = (
				C414A2461958DB8E00B28EBF /* Debug */,
				C414A2471958DB8E00B28EBF /* Release */,
			);
			defaultConfigurationIsVisible = 0;
			defaultConfigurationName = Release;
		};
		C414A2481958DB8E00B28EBF /* Build configuration list for PBXNativeTarget "PDF" */ = {
			isa = XCConfigurationList;
			buildConfigurations = (
				C414A2491958DB8E00B28EBF /* Debug */,
				C414A24A1958DB8E00B28EBF /* Release */,
			);
			defaultConfigurationIsVisible = 0;
			defaultConfigurationName = Release;
		};
		C414A24B1958DB8E00B28EBF /* Build configuration list for PBXNativeTarget "PDFTests" */ = {
			isa = XCConfigurationList;
			buildConfigurations = (
				C414A24C1958DB8E00B28EBF /* Debug */,
				C414A24D1958DB8E00B28EBF /* Release */,
			);
			defaultConfigurationIsVisible = 0;
			defaultConfigurationName = Release;
		};
/* End XCConfigurationList section */
	};
	rootObject = C414A20B1958DB8D00B28EBF /* Project object */;
}
